
Microsoft Visual Studio Solution File, Format Version 12.00
# Visual Studio Version 16
VisualStudioVersion = 16.0.31129.286
MinimumVisualStudioVersion = 10.0.40219.1
Project("{FAE04EC0-301F-11D3-BF4B-00C04F79EFBC}") = "ZbigniewJson", "ZbigniewJson.csproj", "{3D416912-0BAF-4FF7-95AB-1652AD57EC89}"
EndProject
Global
	GlobalSection(SolutionConfigurationPlatforms) = preSolution
		Debug|Any CPU = Debug|Any CPU
		Release|Any CPU = Release|Any CPU
	EndGlobalSection
	GlobalSection(ProjectConfigurationPlatforms) = postSolution
		{3D416912-0BAF-4FF7-95AB-1652AD57EC89}.Debug|Any CPU.ActiveCfg = Debug|Any CPU
		{3D416912-0BAF-4FF7-95AB-1652AD57EC89}.Debug|Any CPU.Build.0 = Debug|Any CPU
		{3D416912-0BAF-4FF7-95AB-1652AD57EC89}.Release|Any CPU.ActiveCfg = Release|Any CPU
		{3D416912-0BAF-4FF7-95AB-1652AD57EC89}.Release|Any CPU.Build.0 = Release|Any CPU
	EndGlobalSection
	GlobalSection(SolutionProperties) = preSolution
		HideSolutionNode = FALSE
	EndGlobalSection
	GlobalSection(ExtensibilityGlobals) = postSolution
		SolutionGuid = {0742E325-8F62-4795-A82E-933543738AA2}
	EndGlobalSection
EndGlobal
